
Microsoft Visual Studio Solution File, Format Version 12.00
# Visual Studio Version 17
VisualStudioVersion = 17.0.31903.59
MinimumVisualStudioVersion = 10.0.40219.1
Project("{2150E333-8FDC-42A3-9474-1A3956D46DE8}") = "src", "src", "{827E0CD3-B72D-47B6-A68D-7590B98EB39B}"
EndProject
Project("{FAE04EC0-301F-11D3-BF4B-00C04F79EFBC}") = "GoldFieldsHR.Api", "src\GoldFieldsHR.Api\GoldFieldsHR.Api.csproj", "{84B93085-1EBE-4A39-A55F-18169F20D29A}"
EndProject
Project("{FAE04EC0-301F-11D3-BF4B-00C04F79EFBC}") = "GoldFieldsHR.Application", "src\GoldFieldsHR.Application\GoldFieldsHR.Application.csproj", "{AF55E8AB-7136-41E4-8050-725B6B49DF33}"
EndProject
Project("{FAE04EC0-301F-11D3-BF4B-00C04F79EFBC}") = "GoldFieldsHR.Domain", "src\GoldFieldsHR.Domain\GoldFieldsHR.Domain.csproj", "{CB9D96CD-6357-43CB-B447-6EBF9823130B}"
EndProject
Project("{FAE04EC0-301F-11D3-BF4B-00C04F79EFBC}") = "GoldFieldsHR.Infrastructure", "src\GoldFieldsHR.Infrastructure\GoldFieldsHR.Infrastructure.csproj", "{D81F7C28-B0E9-4AE2-8967-508A4EC36BA7}"
EndProject
Project("{2150E333-8FDC-42A3-9474-1A3956D46DE8}") = "tests", "tests", "{0AB3BF05-4346-4AA6-1389-037BE0695223}"
EndProject
Project("{FAE04EC0-301F-11D3-BF4B-00C04F79EFBC}") = "GoldFieldsHR.Infrastructure.Tests", "tests\GoldFieldsHR.Infrastructure.Tests\GoldFieldsHR.Infrastructure.Tests.csproj", "{8274FA3B-BE27-4599-AAEB-18A4EC1018A2}"
EndProject
Global
	GlobalSection(SolutionConfigurationPlatforms) = preSolution
		Debug|Any CPU = Debug|Any CPU
		Debug|x64 = Debug|x64
		Debug|x86 = Debug|x86
		Release|Any CPU = Release|Any CPU
		Release|x64 = Release|x64
		Release|x86 = Release|x86
	EndGlobalSection
	GlobalSection(ProjectConfigurationPlatforms) = postSolution
		{84B93085-1EBE-4A39-A55F-18169F20D29A}.Debug|Any CPU.ActiveCfg = Debug|Any CPU
		{84B93085-1EBE-4A39-A55F-18169F20D29A}.Debug|Any CPU.Build.0 = Debug|Any CPU
		{84B93085-1EBE-4A39-A55F-18169F20D29A}.Debug|x64.ActiveCfg = Debug|Any CPU
		{84B93085-1EBE-4A39-A55F-18169F20D29A}.Debug|x64.Build.0 = Debug|Any CPU
		{84B93085-1EBE-4A39-A55F-18169F20D29A}.Debug|x86.ActiveCfg = Debug|Any CPU
		{84B93085-1EBE-4A39-A55F-18169F20D29A}.Debug|x86.Build.0 = Debug|Any CPU
		{84B93085-1EBE-4A39-A55F-18169F20D29A}.Release|Any CPU.ActiveCfg = Release|Any CPU
		{84B93085-1EBE-4A39-A55F-18169F20D29A}.Release|Any CPU.Build.0 = Release|Any CPU
		{84B93085-1EBE-4A39-A55F-18169F20D29A}.Release|x64.ActiveCfg = Release|Any CPU
		{84B93085-1EBE-4A39-A55F-18169F20D29A}.Release|x64.Build.0 = Release|Any CPU
		{84B93085-1EBE-4A39-A55F-18169F20D29A}.Release|x86.ActiveCfg = Release|Any CPU
		{84B93085-1EBE-4A39-A55F-18169F20D29A}.Release|x86.Build.0 = Release|Any CPU
		{AF55E8AB-7136-41E4-8050-725B6B49DF33}.Debug|Any CPU.ActiveCfg = Debug|Any CPU
		{AF55E8AB-7136-41E4-8050-725B6B49DF33}.Debug|Any CPU.Build.0 = Debug|Any CPU
		{AF55E8AB-7136-41E4-8050-725B6B49DF33}.Debug|x64.ActiveCfg = Debug|Any CPU
		{AF55E8AB-7136-41E4-8050-725B6B49DF33}.Debug|x64.Build.0 = Debug|Any CPU
		{AF55E8AB-7136-41E4-8050-725B6B49DF33}.Debug|x86.ActiveCfg = Debug|Any CPU
		{AF55E8AB-7136-41E4-8050-725B6B49DF33}.Debug|x86.Build.0 = Debug|Any CPU
		{AF55E8AB-7136-41E4-8050-725B6B49DF33}.Release|Any CPU.ActiveCfg = Release|Any CPU
		{AF55E8AB-7136-41E4-8050-725B6B49DF33}.Release|Any CPU.Build.0 = Release|Any CPU
		{AF55E8AB-7136-41E4-8050-725B6B49DF33}.Release|x64.ActiveCfg = Release|Any CPU
		{AF55E8AB-7136-41E4-8050-725B6B49DF33}.Release|x64.Build.0 = Release|Any CPU
		{AF55E8AB-7136-41E4-8050-725B6B49DF33}.Release|x86.ActiveCfg = Release|Any CPU
		{AF55E8AB-7136-41E4-8050-725B6B49DF33}.Release|x86.Build.0 = Release|Any CPU
		{CB9D96CD-6357-43CB-B447-6EBF9823130B}.Debug|Any CPU.ActiveCfg = Debug|Any CPU
		{CB9D96CD-6357-43CB-B447-6EBF9823130B}.Debug|Any CPU.Build.0 = Debug|Any CPU
		{CB9D96CD-6357-43CB-B447-6EBF9823130B}.Debug|x64.ActiveCfg = Debug|Any CPU
		{CB9D96CD-6357-43CB-B447-6EBF9823130B}.Debug|x64.Build.0 = Debug|Any CPU
		{CB9D96CD-6357-43CB-B447-6EBF9823130B}.Debug|x86.ActiveCfg = Debug|Any CPU
		{CB9D96CD-6357-43CB-B447-6EBF9823130B}.Debug|x86.Build.0 = Debug|Any CPU
		{CB9D96CD-6357-43CB-B447-6EBF9823130B}.Release|Any CPU.ActiveCfg = Release|Any CPU
		{CB9D96CD-6357-43CB-B447-6EBF9823130B}.Release|Any CPU.Build.0 = Release|Any CPU
		{CB9D96CD-6357-43CB-B447-6EBF9823130B}.Release|x64.ActiveCfg = Release|Any CPU
		{CB9D96CD-6357-43CB-B447-6EBF9823130B}.Release|x64.Build.0 = Release|Any CPU
		{CB9D96CD-6357-43CB-B447-6EBF9823130B}.Release|x86.ActiveCfg = Release|Any CPU
		{CB9D96CD-6357-43CB-B447-6EBF9823130B}.Release|x86.Build.0 = Release|Any CPU
		{D81F7C28-B0E9-4AE2-8967-508A4EC36BA7}.Debug|Any CPU.ActiveCfg = Debug|Any CPU
		{D81F7C28-B0E9-4AE2-8967-508A4EC36BA7}.Debug|Any CPU.Build.0 = Debug|Any CPU
		{D81F7C28-B0E9-4AE2-8967-508A4EC36BA7}.Debug|x64.ActiveCfg = Debug|Any CPU
		{D81F7C28-B0E9-4AE2-8967-508A4EC36BA7}.Debug|x64.Build.0 = Debug|Any CPU
		{D81F7C28-B0E9-4AE2-8967-508A4EC36BA7}.Debug|x86.ActiveCfg = Debug|Any CPU
		{D81F7C28-B0E9-4AE2-8967-508A4EC36BA7}.Debug|x86.Build.0 = Debug|Any CPU
		{D81F7C28-B0E9-4AE2-8967-508A4EC36BA7}.Release|Any CPU.ActiveCfg = Release|Any CPU
		{D81F7C28-B0E9-4AE2-8967-508A4EC36BA7}.Release|Any CPU.Build.0 = Release|Any CPU
		{D81F7C28-B0E9-4AE2-8967-508A4EC36BA7}.Release|x64.ActiveCfg = Release|Any CPU
		{D81F7C28-B0E9-4AE2-8967-508A4EC36BA7}.Release|x64.Build.0 = Release|Any CPU
		{D81F7C28-B0E9-4AE2-8967-508A4EC36BA7}.Release|x86.ActiveCfg = Release|Any CPU
		{D81F7C28-B0E9-4AE2-8967-508A4EC36BA7}.Release|x86.Build.0 = Release|Any CPU
		{8274FA3B-BE27-4599-AAEB-18A4EC1018A2}.Debug|Any CPU.ActiveCfg = Debug|Any CPU
		{8274FA3B-BE27-4599-AAEB-18A4EC1018A2}.Debug|Any CPU.Build.0 = Debug|Any CPU
		{8274FA3B-BE27-4599-AAEB-18A4EC1018A2}.Debug|x64.ActiveCfg = Debug|Any CPU
		{8274FA3B-BE27-4599-AAEB-18A4EC1018A2}.Debug|x64.Build.0 = Debug|Any CPU
		{8274FA3B-BE27-4599-AAEB-18A4EC1018A2}.Debug|x86.ActiveCfg = Debug|Any CPU
		{8274FA3B-BE27-4599-AAEB-18A4EC1018A2}.Debug|x86.Build.0 = Debug|Any CPU
		{8274FA3B-BE27-4599-AAEB-18A4EC1018A2}.Release|Any CPU.ActiveCfg = Release|Any CPU
		{8274FA3B-BE27-4599-AAEB-18A4EC1018A2}.Release|Any CPU.Build.0 = Release|Any CPU
		{8274FA3B-BE27-4599-AAEB-18A4EC1018A2}.Release|x64.ActiveCfg = Release|Any CPU
		{8274FA3B-BE27-4599-AAEB-18A4EC1018A2}.Release|x64.Build.0 = Release|Any CPU
		{8274FA3B-BE27-4599-AAEB-18A4EC1018A2}.Release|x86.ActiveCfg = Release|Any CPU
		{8274FA3B-BE27-4599-AAEB-18A4EC1018A2}.Release|x86.Build.0 = Release|Any CPU
	EndGlobalSection
	GlobalSection(SolutionProperties) = preSolution
		HideSolutionNode = FALSE
	EndGlobalSection
	GlobalSection(NestedProjects) = preSolution
		{84B93085-1EBE-4A39-A55F-18169F20D29A} = {827E0CD3-B72D-47B6-A68D-7590B98EB39B}
		{AF55E8AB-7136-41E4-8050-725B6B49DF33} = {827E0CD3-B72D-47B6-A68D-7590B98EB39B}
		{CB9D96CD-6357-43CB-B447-6EBF9823130B} = {827E0CD3-B72D-47B6-A68D-7590B98EB39B}
		{D81F7C28-B0E9-4AE2-8967-508A4EC36BA7} = {827E0CD3-B72D-47B6-A68D-7590B98EB39B}
		{8274FA3B-BE27-4599-AAEB-18A4EC1018A2} = {0AB3BF05-4346-4AA6-1389-037BE0695223}
	EndGlobalSection
EndGlobal
